{
  "name": "copilot-cli-flake",
  "version": "1.0.0",
  "lockfileVersion": 3,
  "requires": true,
  "packages": {
    "": {
      "name": "copilot-cli-flake",
      "version": "1.0.0",
      "license": "ISC",
      "dependencies": {
        "@github/copilot": "^0.0.419-1"
      }
    },
    "node_modules/@github/copilot": {
      "version": "0.0.419-1",
      "resolved": "https://registry.npmjs.org/@github/copilot/-/copilot-0.0.419-1.tgz",
      "integrity": "sha512-rZsympPG6yq61tNL9OyMfk0X3qKLUj3DornBRuwR2i5+Gj2sENXM3TLj/Ao83BGFGjSK2VVxXnmC8c/KBOIULQ==",
      "license": "SEE LICENSE IN LICENSE.md",
      "bin": {
        "copilot": "npm-loader.js"
      },
      "optionalDependencies": {
        "@github/copilot-darwin-arm64": "0.0.419-1",
        "@github/copilot-darwin-x64": "0.0.419-1",
        "@github/copilot-linux-arm64": "0.0.419-1",
        "@github/copilot-linux-x64": "0.0.419-1",
        "@github/copilot-win32-arm64": "0.0.419-1",
        "@github/copilot-win32-x64": "0.0.419-1"
      }
    },
    "node_modules/@github/copilot-darwin-arm64": {
      "version": "0.0.419-1",
      "resolved": "https://registry.npmjs.org/@github/copilot-darwin-arm64/-/copilot-darwin-arm64-0.0.419-1.tgz",
      "integrity": "sha512-jW1nd7g6jlkH8sbU6r1XONrL6n06T73b82AZnWYJjh3GTxddR/NaZVUWoxSUOPdMsnNdljgeljHbAa0XE2V9eQ==",
      "cpu": [
        "arm64"
      ],
      "license": "SEE LICENSE IN LICENSE.md",
      "optional": true,
      "os": [
        "darwin"
      ],
      "bin": {
        "copilot-darwin-arm64": "copilot"
      }
    },
    "node_modules/@github/copilot-darwin-x64": {
      "version": "0.0.419-1",
      "resolved": "https://registry.npmjs.org/@github/copilot-darwin-x64/-/copilot-darwin-x64-0.0.419-1.tgz",
      "integrity": "sha512-s0/eFlCZa43YsYtdNj/BjwmjMC5Xfb2movBly7Cjs1/Wx1OBfOf8oKA6LtVIjhfl/dXuLUmTGvru9PAPk3WiCQ==",
      "cpu": [
        "x64"
      ],
      "license": "SEE LICENSE IN LICENSE.md",
      "optional": true,
      "os": [
        "darwin"
      ],
      "bin": {
        "copilot-darwin-x64": "copilot"
      }
    },
    "node_modules/@github/copilot-linux-arm64": {
      "version": "0.0.419-1",
      "resolved": "https://registry.npmjs.org/@github/copilot-linux-arm64/-/copilot-linux-arm64-0.0.419-1.tgz",
      "integrity": "sha512-86B0ew6S2+bK7ScTOA8FkrW+RuJhMxN2yhzc/c6WcsRdjUCw+0D4mcHAWn9JHxGCYAlMB/TnTj3rEv5nUmBC9w==",
      "cpu": [
        "arm64"
      ],
      "license": "SEE LICENSE IN LICENSE.md",
      "optional": true,
      "os": [
        "linux"
      ],
      "bin": {
        "copilot-linux-arm64": "copilot"
      }
    },
    "node_modules/@github/copilot-linux-x64": {
      "version": "0.0.419-1",
      "resolved": "https://registry.npmjs.org/@github/copilot-linux-x64/-/copilot-linux-x64-0.0.419-1.tgz",
      "integrity": "sha512-z6zhgqA8SihHYAdCX2qOy3Cy5v88BHJIqVHPAdILXTHDUzKAXo17khAvBkptIwr0s4x63gc43doW9o5KQXcP/w==",
      "cpu": [
        "x64"
      ],
      "license": "SEE LICENSE IN LICENSE.md",
      "optional": true,
      "os": [
        "linux"
      ],
      "bin": {
        "copilot-linux-x64": "copilot"
      }
    },
    "node_modules/@github/copilot-win32-arm64": {
      "version": "0.0.419-1",
      "resolved": "https://registry.npmjs.org/@github/copilot-win32-arm64/-/copilot-win32-arm64-0.0.419-1.tgz",
      "integrity": "sha512-2u3ZjJt0USyonUVOK43EByB/JL3Bu72/SuMRcZ2odE4lDPTiGcjHxIL5QdMl99J+v2pTaQYKOK9K7z3YyXhkww==",
      "cpu": [
        "arm64"
      ],
      "license": "SEE LICENSE IN LICENSE.md",
      "optional": true,
      "os": [
        "win32"
      ],
      "bin": {
        "copilot-win32-arm64": "copilot.exe"
      }
    },
    "node_modules/@github/copilot-win32-x64": {
      "version": "0.0.419-1",
      "resolved": "https://registry.npmjs.org/@github/copilot-win32-x64/-/copilot-win32-x64-0.0.419-1.tgz",
      "integrity": "sha512-gYFD3aeZPZT/Yoxu8Ac7syHRc8gi2s6qlAMITy4KOY0KhYjPEFNTcNqnWwwfi7kdyZ/CAAN05sY5jXtiK0BO4Q==",
      "cpu": [
        "x64"
      ],
      "license": "SEE LICENSE IN LICENSE.md",
      "optional": true,
      "os": [
        "win32"
      ],
      "bin": {
        "copilot-win32-x64": "copilot.exe"
      }
    }
  }
}
