{
  "name": "copilot-cli-flake",
  "version": "1.0.0",
  "lockfileVersion": 3,
  "requires": true,
  "packages": {
    "": {
      "name": "copilot-cli-flake",
      "version": "1.0.0",
      "license": "ISC",
      "dependencies": {
        "@github/copilot": "^1.0.20-1"
      }
    },
    "node_modules/@github/copilot": {
      "version": "1.0.20-1",
      "resolved": "https://registry.npmjs.org/@github/copilot/-/copilot-1.0.20-1.tgz",
      "integrity": "sha512-a34M4P6XcKFy1sDubqn54qakQxeWwA44vKaOh3oNZT8vgna9R4ap2NYGnM8fn7XDAdlJ9QgW6Xt7dfPGwKkt/A==",
      "license": "SEE LICENSE IN LICENSE.md",
      "bin": {
        "copilot": "npm-loader.js"
      },
      "optionalDependencies": {
        "@github/copilot-darwin-arm64": "1.0.20-1",
        "@github/copilot-darwin-x64": "1.0.20-1",
        "@github/copilot-linux-arm64": "1.0.20-1",
        "@github/copilot-linux-x64": "1.0.20-1",
        "@github/copilot-win32-arm64": "1.0.20-1",
        "@github/copilot-win32-x64": "1.0.20-1"
      }
    },
    "node_modules/@github/copilot-darwin-arm64": {
      "version": "1.0.20-1",
      "resolved": "https://registry.npmjs.org/@github/copilot-darwin-arm64/-/copilot-darwin-arm64-1.0.20-1.tgz",
      "integrity": "sha512-tip/KyjhRQG7OMAR8rBWrFcPk3XFQQlajozIMPxEA7+qwgMBOlaGcO0iuDEdF5vAtYXhUPPAI/tbuUqkueoJEA==",
      "cpu": [
        "arm64"
      ],
      "license": "SEE LICENSE IN LICENSE.md",
      "optional": true,
      "os": [
        "darwin"
      ],
      "bin": {
        "copilot-darwin-arm64": "copilot"
      }
    },
    "node_modules/@github/copilot-darwin-x64": {
      "version": "1.0.20-1",
      "resolved": "https://registry.npmjs.org/@github/copilot-darwin-x64/-/copilot-darwin-x64-1.0.20-1.tgz",
      "integrity": "sha512-d/Etng6335TF1Dcw37XFtjKKZqQbqh9trXg5GhMySUamo4UolykylWJuhs+suCx2JJc1lGzPVAdGOxAvj+4P3Q==",
      "cpu": [
        "x64"
      ],
      "license": "SEE LICENSE IN LICENSE.md",
      "optional": true,
      "os": [
        "darwin"
      ],
      "bin": {
        "copilot-darwin-x64": "copilot"
      }
    },
    "node_modules/@github/copilot-linux-arm64": {
      "version": "1.0.20-1",
      "resolved": "https://registry.npmjs.org/@github/copilot-linux-arm64/-/copilot-linux-arm64-1.0.20-1.tgz",
      "integrity": "sha512-ptwwVk/uMEoVdGTbhfC8CLtSCq3agnRKlD+iojabcg5K0y0HbaEGIaOeJle0uARpqeyLADgoUkMbth/wWQI2gQ==",
      "cpu": [
        "arm64"
      ],
      "license": "SEE LICENSE IN LICENSE.md",
      "optional": true,
      "os": [
        "linux"
      ],
      "bin": {
        "copilot-linux-arm64": "copilot"
      }
    },
    "node_modules/@github/copilot-linux-x64": {
      "version": "1.0.20-1",
      "resolved": "https://registry.npmjs.org/@github/copilot-linux-x64/-/copilot-linux-x64-1.0.20-1.tgz",
      "integrity": "sha512-sUuR5uVR1/Ndew/pSEQP4vLy2iohW+PMD96R+gzJkF77soe+PfFR7R6Py1VWmwAK1MDblyilDfMcusYLXK48LA==",
      "cpu": [
        "x64"
      ],
      "license": "SEE LICENSE IN LICENSE.md",
      "optional": true,
      "os": [
        "linux"
      ],
      "bin": {
        "copilot-linux-x64": "copilot"
      }
    },
    "node_modules/@github/copilot-win32-arm64": {
      "version": "1.0.20-1",
      "resolved": "https://registry.npmjs.org/@github/copilot-win32-arm64/-/copilot-win32-arm64-1.0.20-1.tgz",
      "integrity": "sha512-gk4belEoOHfQH2pJf0GPh2t1N4suIg1mhwJQHveGi5av22XZzYjY7yarNom+YCqc692MAuYsfNF0wXXSij3wBg==",
      "cpu": [
        "arm64"
      ],
      "license": "SEE LICENSE IN LICENSE.md",
      "optional": true,
      "os": [
        "win32"
      ],
      "bin": {
        "copilot-win32-arm64": "copilot.exe"
      }
    },
    "node_modules/@github/copilot-win32-x64": {
      "version": "1.0.20-1",
      "resolved": "https://registry.npmjs.org/@github/copilot-win32-x64/-/copilot-win32-x64-1.0.20-1.tgz",
      "integrity": "sha512-ypRD1iawRw8a0qzhp4fq4ZqvqL86mk2UZNWyuTM8HOe2o3+SrZbveXpEk7gUYJ4ShLhqLVywJHs4+4yPkv5p+A==",
      "cpu": [
        "x64"
      ],
      "license": "SEE LICENSE IN LICENSE.md",
      "optional": true,
      "os": [
        "win32"
      ],
      "bin": {
        "copilot-win32-x64": "copilot.exe"
      }
    }
  }
}
