{
  "name": "copilot-cli-flake",
  "version": "1.0.0",
  "lockfileVersion": 3,
  "requires": true,
  "packages": {
    "": {
      "name": "copilot-cli-flake",
      "version": "1.0.0",
      "license": "ISC",
      "dependencies": {
        "@github/copilot": "^0.0.415"
      }
    },
    "node_modules/@github/copilot": {
      "version": "0.0.415",
      "resolved": "https://registry.npmjs.org/@github/copilot/-/copilot-0.0.415.tgz",
      "integrity": "sha512-36wvSB5A/YSvk9PdTybWzAbrRb9qv2CLDKmpZvj/dTsz8lf/TCepYEdGafV9Yg7Ux5E9Sy/RbA6ZaDwAsn2jeA==",
      "license": "SEE LICENSE IN LICENSE.md",
      "bin": {
        "copilot": "npm-loader.js"
      },
      "optionalDependencies": {
        "@github/copilot-darwin-arm64": "0.0.415",
        "@github/copilot-darwin-x64": "0.0.415",
        "@github/copilot-linux-arm64": "0.0.415",
        "@github/copilot-linux-x64": "0.0.415",
        "@github/copilot-win32-arm64": "0.0.415",
        "@github/copilot-win32-x64": "0.0.415"
      }
    },
    "node_modules/@github/copilot-darwin-arm64": {
      "version": "0.0.415",
      "resolved": "https://registry.npmjs.org/@github/copilot-darwin-arm64/-/copilot-darwin-arm64-0.0.415.tgz",
      "integrity": "sha512-6tDbLRQQirqZpwEsud5X3ujiIxB7EgqZEUHdkoJT1hm3VO2R1Y17/evcH+JdAaK+aQRfdHMHMBUEfUh15/ifVw==",
      "cpu": [
        "arm64"
      ],
      "license": "SEE LICENSE IN LICENSE.md",
      "optional": true,
      "os": [
        "darwin"
      ],
      "bin": {
        "copilot-darwin-arm64": "copilot"
      }
    },
    "node_modules/@github/copilot-darwin-x64": {
      "version": "0.0.415",
      "resolved": "https://registry.npmjs.org/@github/copilot-darwin-x64/-/copilot-darwin-x64-0.0.415.tgz",
      "integrity": "sha512-forKg6sleJyHlpT1CNoPacUUN9t3iilcYFvoHDr4GJqBstO2jBYRAP8lRid5Orsiq9Ixov950Y0AHkuJFfg8jw==",
      "cpu": [
        "x64"
      ],
      "license": "SEE LICENSE IN LICENSE.md",
      "optional": true,
      "os": [
        "darwin"
      ],
      "bin": {
        "copilot-darwin-x64": "copilot"
      }
    },
    "node_modules/@github/copilot-linux-arm64": {
      "version": "0.0.415",
      "resolved": "https://registry.npmjs.org/@github/copilot-linux-arm64/-/copilot-linux-arm64-0.0.415.tgz",
      "integrity": "sha512-sMknKH3ykSZ3ve3LHt5vhnZfN90YZ3mCCC5DAzCHHssnGtPBMIyBjYLCcMdEOA27MBgbBVcU+EmNo2EtTQFcjA==",
      "cpu": [
        "arm64"
      ],
      "license": "SEE LICENSE IN LICENSE.md",
      "optional": true,
      "os": [
        "linux"
      ],
      "bin": {
        "copilot-linux-arm64": "copilot"
      }
    },
    "node_modules/@github/copilot-linux-x64": {
      "version": "0.0.415",
      "resolved": "https://registry.npmjs.org/@github/copilot-linux-x64/-/copilot-linux-x64-0.0.415.tgz",
      "integrity": "sha512-xXKLA4+0gMFuSiV+C5S4irofEpB24zHUlmKVYmUFlcCL7UqVv7hJp8AVeZVgWRU2O78fkn/ddWH32Mm7tKlZ+Q==",
      "cpu": [
        "x64"
      ],
      "license": "SEE LICENSE IN LICENSE.md",
      "optional": true,
      "os": [
        "linux"
      ],
      "bin": {
        "copilot-linux-x64": "copilot"
      }
    },
    "node_modules/@github/copilot-win32-arm64": {
      "version": "0.0.415",
      "resolved": "https://registry.npmjs.org/@github/copilot-win32-arm64/-/copilot-win32-arm64-0.0.415.tgz",
      "integrity": "sha512-mj/yt7N2SrEnWRBG/7+MK1SUZld5X86bNIMNeGFBKmYOxFRzy6Xke10d/Ni9hz7SnyHZGdL7UA5MMmicK+y1hQ==",
      "cpu": [
        "arm64"
      ],
      "license": "SEE LICENSE IN LICENSE.md",
      "optional": true,
      "os": [
        "win32"
      ],
      "bin": {
        "copilot-win32-arm64": "copilot.exe"
      }
    },
    "node_modules/@github/copilot-win32-x64": {
      "version": "0.0.415",
      "resolved": "https://registry.npmjs.org/@github/copilot-win32-x64/-/copilot-win32-x64-0.0.415.tgz",
      "integrity": "sha512-T4AEBP4FtPXOh7zzI7q4rxQDmKcxi5Mu+JDCKHD6q0C5MPo+QTb1YGted0C0GeSNvUR19KeE0pAw67HDO4Qi/Q==",
      "cpu": [
        "x64"
      ],
      "license": "SEE LICENSE IN LICENSE.md",
      "optional": true,
      "os": [
        "win32"
      ],
      "bin": {
        "copilot-win32-x64": "copilot.exe"
      }
    }
  }
}
